// !$*UTF8*$!
{
	archiveVersion = 1;
	classes = {
	};
	objectVersion = 55;
	objects = {

/* Begin PBXBuildFile section */
		8B101FC12854F466003A1B4E /* PhotoSource.swift in Sources */ = {isa = PBXBuildFile; fileRef = 8B101FC02854F466003A1B4E /* PhotoSource.swift */; };
		8B101FC32854F9D5003A1B4E /* ReviewView.swift in Sources */ = {isa = PBXBuildFile; fileRef = 8B101FC22854F9D5003A1B4E /* ReviewView.swift */; };
		8B44B26E284F1BEA0008E8FA /* vocabprojectApp.swift in Sources */ = {isa = PBXBuildFile; fileRef = 8B44B26D284F1BEA0008E8FA /* vocabprojectApp.swift */; };
		8B44B270284F1BEA0008E8FA /* ContentView.swift in Sources */ = {isa = PBXBuildFile; fileRef = 8B44B26F284F1BEA0008E8FA /* ContentView.swift */; };
		8B44B272284F1BEA0008E8FA /* Assets.xcassets in Resources */ = {isa = PBXBuildFile; fileRef = 8B44B271284F1BEA0008E8FA /* Assets.xcassets */; };
		8B44B275284F1BEA0008E8FA /* Preview Assets.xcassets in Resources */ = {isa = PBXBuildFile; fileRef = 8B44B274284F1BEA0008E8FA /* Preview Assets.xcassets */; };
		8B44B27C284F23550008E8FA /* SettingView.swift in Sources */ = {isa = PBXBuildFile; fileRef = 8B44B27B284F23550008E8FA /* SettingView.swift */; };
		8B966F4B2851EBE900807EFA /* Restaurant.swift in Sources */ = {isa = PBXBuildFile; fileRef = 8B966F4A2851EBE900807EFA /* Restaurant.swift */; };
		8B966F4E2851F39400807EFA /* Store.swift in Sources */ = {isa = PBXBuildFile; fileRef = 8B966F4D2851F39400807EFA /* Store.swift */; };
		8B966F51285204B600807EFA /* ShareComponent.swift in Sources */ = {isa = PBXBuildFile; fileRef = 8B966F50285204B600807EFA /* ShareComponent.swift */; };
		8B995A512852EDC700232D5D /* DetailStore.swift in Sources */ = {isa = PBXBuildFile; fileRef = 8B995A502852EDC700232D5D /* DetailStore.swift */; };
		8B995A582853012800232D5D /* Nunito-Regular.ttf in Resources */ = {isa = PBXBuildFile; fileRef = 8B995A552853012800232D5D /* Nunito-Regular.ttf */; };
		8B995A592853012800232D5D /* Nunito-Bold.ttf in Resources */ = {isa = PBXBuildFile; fileRef = 8B995A562853012800232D5D /* Nunito-Bold.ttf */; };
		8B995A5A2853012800232D5D /* Nunito-ExtraLight.ttf in Resources */ = {isa = PBXBuildFile; fileRef = 8B995A572853012800232D5D /* Nunito-ExtraLight.ttf */; };
		8B995A5D285326A800232D5D /* FoodAppBar.swift in Sources */ = {isa = PBXBuildFile; fileRef = 8B995A5C285326A800232D5D /* FoodAppBar.swift */; };
		8BA598112859E521002F7F1A /* DataModel.xcdatamodeld in Sources */ = {isa = PBXBuildFile; fileRef = 8BA5980F2859E521002F7F1A /* DataModel.xcdatamodeld */; };
		8BF3CA9D2856E2DF00FE9706 /* NewStoreView.swift in Sources */ = {isa = PBXBuildFile; fileRef = 8BF3CA9C2856E2DF00FE9706 /* NewStoreView.swift */; };
		8BF3CAA02856E85900FE9706 /* TextFormField.swift in Sources */ = {isa = PBXBuildFile; fileRef = 8BF3CA9F2856E85900FE9706 /* TextFormField.swift */; };
		8BF3CAA22856EB7B00FE9706 /* FormTextField.swift in Sources */ = {isa = PBXBuildFile; fileRef = 8BF3CAA12856EB7B00FE9706 /* FormTextField.swift */; };
		8BF3CAA728572E6E00FE9706 /* ImagePicker.swift in Sources */ = {isa = PBXBuildFile; fileRef = 8BF3CAA628572E6E00FE9706 /* ImagePicker.swift */; };
		8BF3CAA92857462B00FE9706 /* CameraPicker.swift in Sources */ = {isa = PBXBuildFile; fileRef = 8BF3CAA82857462B00FE9706 /* CameraPicker.swift */; };
		8BF3CB152859CAA100FE9706 /* Persistence.swift in Sources */ = {isa = PBXBuildFile; fileRef = 8BF3CB142859CAA100FE9706 /* Persistence.swift */; };
/* End PBXBuildFile section */

/* Begin PBXFileReference section */
		8B101FC02854F466003A1B4E /* PhotoSource.swift */ = {isa = PBXFileReference; lastKnownFileType = sourcecode.swift; path = PhotoSource.swift; sourceTree = "<group>"; };
		8B101FC22854F9D5003A1B4E /* ReviewView.swift */ = {isa = PBXFileReference; lastKnownFileType = sourcecode.swift; path = ReviewView.swift; sourceTree = "<group>"; };
		8B44B26A284F1BEA0008E8FA /* vocabproject.app */ = {isa = PBXFileReference; explicitFileType = wrapper.application; includeInIndex = 0; path = vocabproject.app; sourceTree = BUILT_PRODUCTS_DIR; };
		8B44B26D284F1BEA0008E8FA /* vocabprojectApp.swift */ = {isa = PBXFileReference; lastKnownFileType = sourcecode.swift; path = vocabprojectApp.swift; sourceTree = "<group>"; };
		8B44B26F284F1BEA0008E8FA /* ContentView.swift */ = {isa = PBXFileReference; lastKnownFileType = sourcecode.swift; path = ContentView.swift; sourceTree = "<group>"; };
		8B44B271284F1BEA0008E8FA /* Assets.xcassets */ = {isa = PBXFileReference; lastKnownFileType = folder.assetcatalog; path = Assets.xcassets; sourceTree = "<group>"; };
		8B44B274284F1BEA0008E8FA /* Preview Assets.xcassets */ = {isa = PBXFileReference; lastKnownFileType = folder.assetcatalog; path = "Preview Assets.xcassets"; sourceTree = "<group>"; };
		8B44B27B284F23550008E8FA /* SettingView.swift */ = {isa = PBXFileReference; lastKnownFileType = sourcecode.swift; path = SettingView.swift; sourceTree = "<group>"; };
		8B966F4A2851EBE900807EFA /* Restaurant.swift */ = {isa = PBXFileReference; lastKnownFileType = sourcecode.swift; path = Restaurant.swift; sourceTree = "<group>"; };
		8B966F4D2851F39400807EFA /* Store.swift */ = {isa = PBXFileReference; lastKnownFileType = sourcecode.swift; path = Store.swift; sourceTree = "<group>"; };
		8B966F50285204B600807EFA /* ShareComponent.swift */ = {isa = PBXFileReference; lastKnownFileType = sourcecode.swift; path = ShareComponent.swift; sourceTree = "<group>"; xcLanguageSpecificationIdentifier = xcode.lang.swift; };
		8B995A502852EDC700232D5D /* DetailStore.swift */ = {isa = PBXFileReference; lastKnownFileType = sourcecode.swift; path = DetailStore.swift; sourceTree = "<group>"; };
		8B995A552853012800232D5D /* Nunito-Regular.ttf */ = {isa = PBXFileReference; lastKnownFileType = file; path = "Nunito-Regular.ttf"; sourceTree = "<group>"; };
		8B995A562853012800232D5D /* Nunito-Bold.ttf */ = {isa = PBXFileReference; lastKnownFileType = file; path = "Nunito-Bold.ttf"; sourceTree = "<group>"; };
		8B995A572853012800232D5D /* Nunito-ExtraLight.ttf */ = {isa = PBXFileReference; lastKnownFileType = file; path = "Nunito-ExtraLight.ttf"; sourceTree = "<group>"; };
		8B995A5B2853186C00232D5D /* Info.plist */ = {isa = PBXFileReference; lastKnownFileType = text.plist; path = Info.plist; sourceTree = "<group>"; };
		8B995A5C285326A800232D5D /* FoodAppBar.swift */ = {isa = PBXFileReference; lastKnownFileType = sourcecode.swift; path = FoodAppBar.swift; sourceTree = "<group>"; };
		8BA598102859E521002F7F1A /* DataModel.xcdatamodel */ = {isa = PBXFileReference; lastKnownFileType = wrapper.xcdatamodel; path = DataModel.xcdatamodel; sourceTree = "<group>"; };
		8BF3CA9C2856E2DF00FE9706 /* NewStoreView.swift */ = {isa = PBXFileReference; lastKnownFileType = sourcecode.swift; path = NewStoreView.swift; sourceTree = "<group>"; xcLanguageSpecificationIdentifier = xcode.lang.swift; };
		8BF3CA9F2856E85900FE9706 /* TextFormField.swift */ = {isa = PBXFileReference; lastKnownFileType = sourcecode.swift; path = TextFormField.swift; sourceTree = "<group>"; };
		8BF3CAA12856EB7B00FE9706 /* FormTextField.swift */ = {isa = PBXFileReference; lastKnownFileType = sourcecode.swift; path = FormTextField.swift; sourceTree = "<group>"; };
		8BF3CAA628572E6E00FE9706 /* ImagePicker.swift */ = {isa = PBXFileReference; lastKnownFileType = sourcecode.swift; path = ImagePicker.swift; sourceTree = "<group>"; };
		8BF3CAA82857462B00FE9706 /* CameraPicker.swift */ = {isa = PBXFileReference; lastKnownFileType = sourcecode.swift; path = CameraPicker.swift; sourceTree = "<group>"; };
		8BF3CB142859CAA100FE9706 /* Persistence.swift */ = {isa = PBXFileReference; lastKnownFileType = sourcecode.swift; path = Persistence.swift; sourceTree = "<group>"; };
/* End PBXFileReference section */

/* Begin PBXFrameworksBuildPhase section */
		8B44B267284F1BEA0008E8FA /* Frameworks */ = {
			isa = PBXFrameworksBuildPhase;
			buildActionMask = 2147483647;
			files = (
			);
			runOnlyForDeploymentPostprocessing = 0;
		};
/* End PBXFrameworksBuildPhase section */

/* Begin PBXGroup section */
		8B44B261284F1BEA0008E8FA = {
			isa = PBXGroup;
			children = (
				8B44B26C284F1BEA0008E8FA /* vocabproject */,
				8B44B26B284F1BEA0008E8FA /* Products */,
			);
			sourceTree = "<group>";
		};
		8B44B26B284F1BEA0008E8FA /* Products */ = {
			isa = PBXGroup;
			children = (
				8B44B26A284F1BEA0008E8FA /* vocabproject.app */,
			);
			name = Products;
			sourceTree = "<group>";
		};
		8B44B26C284F1BEA0008E8FA /* vocabproject */ = {
			isa = PBXGroup;
			children = (
				8BA5980F2859E521002F7F1A /* DataModel.xcdatamodeld */,
				8B995A5B2853186C00232D5D /* Info.plist */,
				8BF3CAA328572E2600FE9706 /* Util */,
				8B995A53285300A200232D5D /* Resources */,
				8B966F4F2852049E00807EFA /* Controllers */,
				8B966F4C2851EDD900807EFA /* Views */,
				8B966F492851EBD400807EFA /* Models */,
				8B44B26D284F1BEA0008E8FA /* vocabprojectApp.swift */,
				8B44B271284F1BEA0008E8FA /* Assets.xcassets */,
				8B44B273284F1BEA0008E8FA /* Preview Content */,
			);
			path = vocabproject;
			sourceTree = "<group>";
		};
		8B44B273284F1BEA0008E8FA /* Preview Content */ = {
			isa = PBXGroup;
			children = (
				8B44B274284F1BEA0008E8FA /* Preview Assets.xcassets */,
			);
			path = "Preview Content";
			sourceTree = "<group>";
		};
		8B966F492851EBD400807EFA /* Models */ = {
			isa = PBXGroup;
			children = (
				8B966F4A2851EBE900807EFA /* Restaurant.swift */,
				8B101FC02854F466003A1B4E /* PhotoSource.swift */,
			);
			path = Models;
			sourceTree = "<group>";
		};
		8B966F4C2851EDD900807EFA /* Views */ = {
			isa = PBXGroup;
			children = (
				8BF3CA9E2856E83D00FE9706 /* TextComponent */,
				8B44B26F284F1BEA0008E8FA /* ContentView.swift */,
				8B44B27B284F23550008E8FA /* SettingView.swift */,
				8B966F4D2851F39400807EFA /* Store.swift */,
				8B995A502852EDC700232D5D /* DetailStore.swift */,
				8B101FC22854F9D5003A1B4E /* ReviewView.swift */,
				8BF3CA9C2856E2DF00FE9706 /* NewStoreView.swift */,
			);
			path = Views;
			sourceTree = "<group>";
		};
		8B966F4F2852049E00807EFA /* Controllers */ = {
			isa = PBXGroup;
			children = (
				8B966F50285204B600807EFA /* ShareComponent.swift */,
				8B995A5C285326A800232D5D /* FoodAppBar.swift */,
				8BF3CB142859CAA100FE9706 /* Persistence.swift */,
			);
			path = Controllers;
			sourceTree = "<group>";
		};
		8B995A53285300A200232D5D /* Resources */ = {
			isa = PBXGroup;
			children = (
				8B995A54285300C400232D5D /* font */,
			);
			path = Resources;
			sourceTree = "<group>";
		};
		8B995A54285300C400232D5D /* font */ = {
			isa = PBXGroup;
			children = (
				8B995A562853012800232D5D /* Nunito-Bold.ttf */,
				8B995A572853012800232D5D /* Nunito-ExtraLight.ttf */,
				8B995A552853012800232D5D /* Nunito-Regular.ttf */,
			);
			path = font;
			sourceTree = "<group>";
		};
		8BF3CA9E2856E83D00FE9706 /* TextComponent */ = {
			isa = PBXGroup;
			children = (
				8BF3CA9F2856E85900FE9706 /* TextFormField.swift */,
				8BF3CAA12856EB7B00FE9706 /* FormTextField.swift */,
			);
			path = TextComponent;
			sourceTree = "<group>";
		};
		8BF3CAA328572E2600FE9706 /* Util */ = {
			isa = PBXGroup;
			children = (
				8BF3CAA628572E6E00FE9706 /* ImagePicker.swift */,
				8BF3CAA82857462B00FE9706 /* CameraPicker.swift */,
			);
			path = Util;
			sourceTree = "<group>";
		};
/* End PBXGroup section */

/* Begin PBXNativeTarget section */
		8B44B269284F1BEA0008E8FA /* vocabproject */ = {
			isa = PBXNativeTarget;
			buildConfigurationList = 8B44B278284F1BEA0008E8FA /* Build configuration list for PBXNativeTarget "vocabproject" */;
			buildPhases = (
				8B44B266284F1BEA0008E8FA /* Sources */,
				8B44B267284F1BEA0008E8FA /* Frameworks */,
				8B44B268284F1BEA0008E8FA /* Resources */,
			);
			buildRules = (
			);
			dependencies = (
			);
			name = vocabproject;
			productName = vocabproject;
			productReference = 8B44B26A284F1BEA0008E8FA /* vocabproject.app */;
			productType = "com.apple.product-type.application";
		};
/* End PBXNativeTarget section */

/* Begin PBXProject section */
		8B44B262284F1BEA0008E8FA /* Project object */ = {
			isa = PBXProject;
			attributes = {
				BuildIndependentTargetsInParallel = 1;
				LastSwiftUpdateCheck = 1330;
				LastUpgradeCheck = 1330;
				TargetAttributes = {
					8B44B269284F1BEA0008E8FA = {
						CreatedOnToolsVersion = 13.3;
					};
				};
			};
			buildConfigurationList = 8B44B265284F1BEA0008E8FA /* Build configuration list for PBXProject "vocabproject" */;
			compatibilityVersion = "Xcode 13.0";
			developmentRegion = en;
			hasScannedForEncodings = 0;
			knownRegions = (
				en,
				Base,
			);
			mainGroup = 8B44B261284F1BEA0008E8FA;
			productRefGroup = 8B44B26B284F1BEA0008E8FA /* Products */;
			projectDirPath = "";
			projectRoot = "";
			targets = (
				8B44B269284F1BEA0008E8FA /* vocabproject */,
			);
		};
/* End PBXProject section */

/* Begin PBXResourcesBuildPhase section */
		8B44B268284F1BEA0008E8FA /* Resources */ = {
			isa = PBXResourcesBuildPhase;
			buildActionMask = 2147483647;
			files = (
				8B995A582853012800232D5D /* Nunito-Regular.ttf in Resources */,
				8B44B275284F1BEA0008E8FA /* Preview Assets.xcassets in Resources */,
				8B995A592853012800232D5D /* Nunito-Bold.ttf in Resources */,
				8B44B272284F1BEA0008E8FA /* Assets.xcassets in Resources */,
				8B995A5A2853012800232D5D /* Nunito-ExtraLight.ttf in Resources */,
			);
			runOnlyForDeploymentPostprocessing = 0;
		};
/* End PBXResourcesBuildPhase section */

/* Begin PBXSourcesBuildPhase section */
		8B44B266284F1BEA0008E8FA /* Sources */ = {
			isa = PBXSourcesBuildPhase;
			buildActionMask = 2147483647;
			files = (
				8B101FC32854F9D5003A1B4E /* ReviewView.swift in Sources */,
				8B966F4E2851F39400807EFA /* Store.swift in Sources */,
				8B101FC12854F466003A1B4E /* PhotoSource.swift in Sources */,
				8BF3CAA728572E6E00FE9706 /* ImagePicker.swift in Sources */,
				8BA598112859E521002F7F1A /* DataModel.xcdatamodeld in Sources */,
				8BF3CAA02856E85900FE9706 /* TextFormField.swift in Sources */,
				8B995A5D285326A800232D5D /* FoodAppBar.swift in Sources */,
				8B966F4B2851EBE900807EFA /* Restaurant.swift in Sources */,
				8BF3CB152859CAA100FE9706 /* Persistence.swift in Sources */,
				8B44B27C284F23550008E8FA /* SettingView.swift in Sources */,
				8BF3CA9D2856E2DF00FE9706 /* NewStoreView.swift in Sources */,
				8B966F51285204B600807EFA /* ShareComponent.swift in Sources */,
				8B44B270284F1BEA0008E8FA /* ContentView.swift in Sources */,
				8BF3CAA22856EB7B00FE9706 /* FormTextField.swift in Sources */,
				8B44B26E284F1BEA0008E8FA /* vocabprojectApp.swift in Sources */,
				8BF3CAA92857462B00FE9706 /* CameraPicker.swift in Sources */,
				8B995A512852EDC700232D5D /* DetailStore.swift in Sources */,
			);
			runOnlyForDeploymentPostprocessing = 0;
		};
/* End PBXSourcesBuildPhase section */

/* Begin XCBuildConfiguration section */
		8B44B276284F1BEA0008E8FA /* Debug */ = {
			isa = XCBuildConfiguration;
			buildSettings = {
				ALWAYS_SEARCH_USER_PATHS = NO;
				CLANG_ANALYZER_NONNULL = YES;
				CLANG_ANALYZER_NUMBER_OBJECT_CONVERSION = YES_AGGRESSIVE;
				CLANG_CXX_LANGUAGE_STANDARD = "gnu++17";
				CLANG_ENABLE_MODULES = YES;
				CLANG_ENABLE_OBJC_ARC = YES;
				CLANG_ENABLE_OBJC_WEAK = YES;
				CLANG_WARN_BLOCK_CAPTURE_AUTORELEASING = YES;
				CLANG_WARN_BOOL_CONVERSION = YES;
				CLANG_WARN_COMMA = YES;
				CLANG_WARN_CONSTANT_CONVERSION = YES;
				CLANG_WARN_DEPRECATED_OBJC_IMPLEMENTATIONS = YES;
				CLANG_WARN_DIRECT_OBJC_ISA_USAGE = YES_ERROR;
				CLANG_WARN_DOCUMENTATION_COMMENTS = YES;
				CLANG_WARN_EMPTY_BODY = YES;
				CLANG_WARN_ENUM_CONVERSION = YES;
				CLANG_WARN_INFINITE_RECURSION = YES;
				CLANG_WARN_INT_CONVERSION = YES;
				CLANG_WARN_NON_LITERAL_NULL_CONVERSION = YES;
				CLANG_WARN_OBJC_IMPLICIT_RETAIN_SELF = YES;
				CLANG_WARN_OBJC_LITERAL_CONVERSION = YES;
				CLANG_WARN_OBJC_ROOT_CLASS = YES_ERROR;
				CLANG_WARN_QUOTED_INCLUDE_IN_FRAMEWORK_HEADER = YES;
				CLANG_WARN_RANGE_LOOP_ANALYSIS = YES;
				CLANG_WARN_STRICT_PROTOTYPES = YES;
				CLANG_WARN_SUSPICIOUS_MOVE = YES;
				CLANG_WARN_UNGUARDED_AVAILABILITY = YES_AGGRESSIVE;
				CLANG_WARN_UNREACHABLE_CODE = YES;
				CLANG_WARN__DUPLICATE_METHOD_MATCH = YES;
				COPY_PHASE_STRIP = NO;
				DEBUG_INFORMATION_FORMAT = dwarf;
				ENABLE_STRICT_OBJC_MSGSEND = YES;
				ENABLE_TESTABILITY = YES;
				GCC_C_LANGUAGE_STANDARD = gnu11;
				GCC_DYNAMIC_NO_PIC = NO;
				GCC_NO_COMMON_BLOCKS = YES;
				GCC_OPTIMIZATION_LEVEL = 0;
				GCC_PREPROCESSOR_DEFINITIONS = (
					"DEBUG=1",
					"$(inherited)",
				);
				GCC_WARN_64_TO_32_BIT_CONVERSION = YES;
				GCC_WARN_ABOUT_RETURN_TYPE = YES_ERROR;
				GCC_WARN_UNDECLARED_SELECTOR = YES;
				GCC_WARN_UNINITIALIZED_AUTOS = YES_AGGRESSIVE;
				GCC_WARN_UNUSED_FUNCTION = YES;
				GCC_WARN_UNUSED_VARIABLE = YES;
				IPHONEOS_DEPLOYMENT_TARGET = 15.4;
				MTL_ENABLE_DEBUG_INFO = INCLUDE_SOURCE;
				MTL_FAST_MATH = YES;
				ONLY_ACTIVE_ARCH = YES;
				SDKROOT = iphoneos;
				SWIFT_ACTIVE_COMPILATION_CONDITIONS = DEBUG;
				SWIFT_OPTIMIZATION_LEVEL = "-Onone";
			};
			name = Debug;
		};
		8B44B277284F1BEA0008E8FA /* Release */ = {
			isa = XCBuildConfiguration;
			buildSettings = {
				ALWAYS_SEARCH_USER_PATHS = NO;
				CLANG_ANALYZER_NONNULL = YES;
				CLANG_ANALYZER_NUMBER_OBJECT_CONVERSION = YES_AGGRESSIVE;
				CLANG_CXX_LANGUAGE_STANDARD = "gnu++17";
				CLANG_ENABLE_MODULES = YES;
				CLANG_ENABLE_OBJC_ARC = YES;
				CLANG_ENABLE_OBJC_WEAK = YES;
				CLANG_WARN_BLOCK_CAPTURE_AUTORELEASING = YES;
				CLANG_WARN_BOOL_CONVERSION = YES;
				CLANG_WARN_COMMA = YES;
				CLANG_WARN_CONSTANT_CONVERSION = YES;
				CLANG_WARN_DEPRECATED_OBJC_IMPLEMENTATIONS = YES;
				CLANG_WARN_DIRECT_OBJC_ISA_USAGE = YES_ERROR;
				CLANG_WARN_DOCUMENTATION_COMMENTS = YES;
				CLANG_WARN_EMPTY_BODY = YES;
				CLANG_WARN_ENUM_CONVERSION = YES;
				CLANG_WARN_INFINITE_RECURSION = YES;
				CLANG_WARN_INT_CONVERSION = YES;
				CLANG_WARN_NON_LITERAL_NULL_CONVERSION = YES;
				CLANG_WARN_OBJC_IMPLICIT_RETAIN_SELF = YES;
				CLANG_WARN_OBJC_LITERAL_CONVERSION = YES;
				CLANG_WARN_OBJC_ROOT_CLASS = YES_ERROR;
				CLANG_WARN_QUOTED_INCLUDE_IN_FRAMEWORK_HEADER = YES;
				CLANG_WARN_RANGE_LOOP_ANALYSIS = YES;
				CLANG_WARN_STRICT_PROTOTYPES = YES;
				CLANG_WARN_SUSPICIOUS_MOVE = YES;
				CLANG_WARN_UNGUARDED_AVAILABILITY = YES_AGGRESSIVE;
				CLANG_WARN_UNREACHABLE_CODE = YES;
				CLANG_WARN__DUPLICATE_METHOD_MATCH = YES;
				COPY_PHASE_STRIP = NO;
				DEBUG_INFORMATION_FORMAT = "dwarf-with-dsym";
				ENABLE_NS_ASSERTIONS = NO;
				ENABLE_STRICT_OBJC_MSGSEND = YES;
				GCC_C_LANGUAGE_STANDARD = gnu11;
				GCC_NO_COMMON_BLOCKS = YES;
				GCC_WARN_64_TO_32_BIT_CONVERSION = YES;
				GCC_WARN_ABOUT_RETURN_TYPE = YES_ERROR;
				GCC_WARN_UNDECLARED_SELECTOR = YES;
				GCC_WARN_UNINITIALIZED_AUTOS = YES_AGGRESSIVE;
				GCC_WARN_UNUSED_FUNCTION = YES;
				GCC_WARN_UNUSED_VARIABLE = YES;
				IPHONEOS_DEPLOYMENT_TARGET = 15.4;
				MTL_ENABLE_DEBUG_INFO = NO;
				MTL_FAST_MATH = YES;
				SDKROOT = iphoneos;
				SWIFT_COMPILATION_MODE = wholemodule;
				SWIFT_OPTIMIZATION_LEVEL = "-O";
				VALIDATE_PRODUCT = YES;
			};
			name = Release;
		};
		8B44B279284F1BEA0008E8FA /* Debug */ = {
			isa = XCBuildConfiguration;
			buildSettings = {
				ASSETCATALOG_COMPILER_APPICON_NAME = AppIcon;
				ASSETCATALOG_COMPILER_GLOBAL_ACCENT_COLOR_NAME = AccentColor;
				CODE_SIGN_STYLE = Automatic;
				CURRENT_PROJECT_VERSION = 1;
				DEVELOPMENT_ASSET_PATHS = "\"vocabproject/Preview Content\"";
				DEVELOPMENT_TEAM = N7643ZQ4B5;
				ENABLE_PREVIEWS = YES;
				GENERATE_INFOPLIST_FILE = YES;
				INFOPLIST_FILE = vocabproject/Info.plist;
				INFOPLIST_KEY_NSCameraUsageDescription = "We need the camera";
				INFOPLIST_KEY_NSPhotoLibraryUsageDescription = "We need the Photo";
				INFOPLIST_KEY_UIApplicationSceneManifest_Generation = YES;
				INFOPLIST_KEY_UIApplicationSupportsIndirectInputEvents = YES;
				INFOPLIST_KEY_UILaunchScreen_Generation = YES;
				INFOPLIST_KEY_UISupportedInterfaceOrientations_iPad = "UIInterfaceOrientationPortrait UIInterfaceOrientationPortraitUpsideDown UIInterfaceOrientationLandscapeLeft UIInterfaceOrientationLandscapeRight";
				INFOPLIST_KEY_UISupportedInterfaceOrientations_iPhone = "UIInterfaceOrientationPortrait UIInterfaceOrientationLandscapeLeft UIInterfaceOrientationLandscapeRight";
				LD_RUNPATH_SEARCH_PATHS = (
					"$(inherited)",
					"@executable_path/Frameworks",
				);
				MARKETING_VERSION = 1.0;
				PRODUCT_BUNDLE_IDENTIFIER = bigdog.realcoin;
				PRODUCT_NAME = "$(TARGET_NAME)";
				SWIFT_EMIT_LOC_STRINGS = YES;
				SWIFT_VERSION = 5.0;
				TARGETED_DEVICE_FAMILY = "1,2";
			};
			name = Debug;
		};
		8B44B27A284F1BEA0008E8FA /* Release */ = {
			isa = XCBuildConfiguration;
			buildSettings = {
				ASSETCATALOG_COMPILER_APPICON_NAME = AppIcon;
				ASSETCATALOG_COMPILER_GLOBAL_ACCENT_COLOR_NAME = AccentColor;
				CODE_SIGN_STYLE = Automatic;
				CURRENT_PROJECT_VERSION = 1;
				DEVELOPMENT_ASSET_PATHS = "\"vocabproject/Preview Content\"";
				DEVELOPMENT_TEAM = N7643ZQ4B5;
				ENABLE_PREVIEWS = YES;
				GENERATE_INFOPLIST_FILE = YES;
				INFOPLIST_FILE = vocabproject/Info.plist;
				INFOPLIST_KEY_NSCameraUsageDescription = "We need the camera";
				INFOPLIST_KEY_NSPhotoLibraryUsageDescription = "We need the Photo";
				INFOPLIST_KEY_UIApplicationSceneManifest_Generation = YES;
				INFOPLIST_KEY_UIApplicationSupportsIndirectInputEvents = YES;
				INFOPLIST_KEY_UILaunchScreen_Generation = YES;
				INFOPLIST_KEY_UISupportedInterfaceOrientations_iPad = "UIInterfaceOrientationPortrait UIInterfaceOrientationPortraitUpsideDown UIInterfaceOrientationLandscapeLeft UIInterfaceOrientationLandscapeRight";
				INFOPLIST_KEY_UISupportedInterfaceOrientations_iPhone = "UIInterfaceOrientationPortrait UIInterfaceOrientationLandscapeLeft UIInterfaceOrientationLandscapeRight";
				LD_RUNPATH_SEARCH_PATHS = (
					"$(inherited)",
					"@executable_path/Frameworks",
				);
				MARKETING_VERSION = 1.0;
				PRODUCT_BUNDLE_IDENTIFIER = bigdog.realcoin;
				PRODUCT_NAME = "$(TARGET_NAME)";
				SWIFT_EMIT_LOC_STRINGS = YES;
				SWIFT_VERSION = 5.0;
				TARGETED_DEVICE_FAMILY = "1,2";
			};
			name = Release;
		};
/* End XCBuildConfiguration section */

/* Begin XCConfigurationList section */
		8B44B265284F1BEA0008E8FA /* Build configuration list for PBXProject "vocabproject" */ = {
			isa = XCConfigurationList;
			buildConfigurations = (
				8B44B276284F1BEA0008E8FA /* Debug */,
				8B44B277284F1BEA0008E8FA /* Release */,
			);
			defaultConfigurationIsVisible = 0;
			defaultConfigurationName = Release;
		};
		8B44B278284F1BEA0008E8FA /* Build configuration list for PBXNativeTarget "vocabproject" */ = {
			isa = XCConfigurationList;
			buildConfigurations = (
				8B44B279284F1BEA0008E8FA /* Debug */,
				8B44B27A284F1BEA0008E8FA /* Release */,
			);
			defaultConfigurationIsVisible = 0;
			defaultConfigurationName = Release;
		};
/* End XCConfigurationList section */

/* Begin XCVersionGroup section */
		8BA5980F2859E521002F7F1A /* DataModel.xcdatamodeld */ = {
			isa = XCVersionGroup;
			children = (
				8BA598102859E521002F7F1A /* DataModel.xcdatamodel */,
			);
			currentVersion = 8BA598102859E521002F7F1A /* DataModel.xcdatamodel */;
			path = DataModel.xcdatamodeld;
			sourceTree = "<group>";
			versionGroupType = wrapper.xcdatamodel;
		};
/* End XCVersionGroup section */
	};
	rootObject = 8B44B262284F1BEA0008E8FA /* Project object */;
}
